// !$*UTF8*$!
{
	archiveVersion = 1;
	classes = {
	};
	objectVersion = 56;
	objects = {

/* Begin PBXBuildFile section */
		5842336329D467E0007E1E32 /* AppDelegate.m in Sources */ = {isa = PBXBuildFile; fileRef = 5842336229D467E0007E1E32 /* AppDelegate.m */; };
		5842336629D467E0007E1E32 /* SceneDelegate.m in Sources */ = {isa = PBXBuildFile; fileRef = 5842336529D467E0007E1E32 /* SceneDelegate.m */; };
		5842336929D467E0007E1E32 /* ViewController.m in Sources */ = {isa = PBXBuildFile; fileRef = 5842336829D467E0007E1E32 /* ViewController.m */; };
		5842336C29D467E0007E1E32 /* Main.storyboard in Resources */ = {isa = PBXBuildFile; fileRef = 5842336A29D467E0007E1E32 /* Main.storyboard */; };
		5842336E29D467E2007E1E32 /* Assets.xcassets in Resources */ = {isa = PBXBuildFile; fileRef = 5842336D29D467E2007E1E32 /* Assets.xcassets */; };
		5842337129D467E2007E1E32 /* LaunchScreen.storyboard in Resources */ = {isa = PBXBuildFile; fileRef = 5842336F29D467E2007E1E32 /* LaunchScreen.storyboard */; };
		5842337429D467E2007E1E32 /* main.m in Sources */ = {isa = PBXBuildFile; fileRef = 5842337329D467E2007E1E32 /* main.m */; };
		5842337E29D467E2007E1E32 /* NSThread__Tests.m in Sources */ = {isa = PBXBuildFile; fileRef = 5842337D29D467E2007E1E32 /* NSThread__Tests.m */; };
		5842338829D467E2007E1E32 /* NSThread__UITests.m in Sources */ = {isa = PBXBuildFile; fileRef = 5842338729D467E2007E1E32 /* NSThread__UITests.m */; };
		5842338A29D467E2007E1E32 /* NSThread__UITestsLaunchTests.m in Sources */ = {isa = PBXBuildFile; fileRef = 5842338929D467E2007E1E32 /* NSThread__UITestsLaunchTests.m */; };
/* End PBXBuildFile section */

/* Begin PBXContainerItemProxy section */
		5842337A29D467E2007E1E32 /* PBXContainerItemProxy */ = {
			isa = PBXContainerItemProxy;
			containerPortal = 5842335629D467E0007E1E32 /* Project object */;
			proxyType = 1;
			remoteGlobalIDString = 5842335D29D467E0007E1E32;
			remoteInfo = "NSThread测试";
		};
		5842338429D467E2007E1E32 /* PBXContainerItemProxy */ = {
			isa = PBXContainerItemProxy;
			containerPortal = 5842335629D467E0007E1E32 /* Project object */;
			proxyType = 1;
			remoteGlobalIDString = 5842335D29D467E0007E1E32;
			remoteInfo = "NSThread测试";
		};
/* End PBXContainerItemProxy section */

/* Begin PBXFileReference section */
		5842335E29D467E0007E1E32 /* NSThread测试.app */ = {isa = PBXFileReference; explicitFileType = wrapper.application; includeInIndex = 0; path = "NSThread测试.app"; sourceTree = BUILT_PRODUCTS_DIR; };
		5842336129D467E0007E1E32 /* AppDelegate.h */ = {isa = PBXFileReference; lastKnownFileType = sourcecode.c.h; path = AppDelegate.h; sourceTree = "<group>"; };
		5842336229D467E0007E1E32 /* AppDelegate.m */ = {isa = PBXFileReference; lastKnownFileType = sourcecode.c.objc; path = AppDelegate.m; sourceTree = "<group>"; };
		5842336429D467E0007E1E32 /* SceneDelegate.h */ = {isa = PBXFileReference; lastKnownFileType = sourcecode.c.h; path = SceneDelegate.h; sourceTree = "<group>"; };
		5842336529D467E0007E1E32 /* SceneDelegate.m */ = {isa = PBXFileReference; lastKnownFileType = sourcecode.c.objc; path = SceneDelegate.m; sourceTree = "<group>"; };
		5842336729D467E0007E1E32 /* ViewController.h */ = {isa = PBXFileReference; lastKnownFileType = sourcecode.c.h; path = ViewController.h; sourceTree = "<group>"; };
		5842336829D467E0007E1E32 /* ViewController.m */ = {isa = PBXFileReference; lastKnownFileType = sourcecode.c.objc; path = ViewController.m; sourceTree = "<group>"; };
		5842336B29D467E0007E1E32 /* Base */ = {isa = PBXFileReference; lastKnownFileType = file.storyboard; name = Base; path = Base.lproj/Main.storyboard; sourceTree = "<group>"; };
		5842336D29D467E2007E1E32 /* Assets.xcassets */ = {isa = PBXFileReference; lastKnownFileType = folder.assetcatalog; path = Assets.xcassets; sourceTree = "<group>"; };
		5842337029D467E2007E1E32 /* Base */ = {isa = PBXFileReference; lastKnownFileType = file.storyboard; name = Base; path = Base.lproj/LaunchScreen.storyboard; sourceTree = "<group>"; };
		5842337229D467E2007E1E32 /* Info.plist */ = {isa = PBXFileReference; lastKnownFileType = text.plist.xml; path = Info.plist; sourceTree = "<group>"; };
		5842337329D467E2007E1E32 /* main.m */ = {isa = PBXFileReference; lastKnownFileType = sourcecode.c.objc; path = main.m; sourceTree = "<group>"; };
		5842337929D467E2007E1E32 /* NSThread测试Tests.xctest */ = {isa = PBXFileReference; explicitFileType = wrapper.cfbundle; includeInIndex = 0; path = "NSThread测试Tests.xctest"; sourceTree = BUILT_PRODUCTS_DIR; };
		5842337D29D467E2007E1E32 /* NSThread__Tests.m */ = {isa = PBXFileReference; lastKnownFileType = sourcecode.c.objc; path = NSThread__Tests.m; sourceTree = "<group>"; };
		5842338329D467E2007E1E32 /* NSThread测试UITests.xctest */ = {isa = PBXFileReference; explicitFileType = wrapper.cfbundle; includeInIndex = 0; path = "NSThread测试UITests.xctest"; sourceTree = BUILT_PRODUCTS_DIR; };
		5842338729D467E2007E1E32 /* NSThread__UITests.m */ = {isa = PBXFileReference; lastKnownFileType = sourcecode.c.objc; path = NSThread__UITests.m; sourceTree = "<group>"; };
		5842338929D467E2007E1E32 /* NSThread__UITestsLaunchTests.m */ = {isa = PBXFileReference; lastKnownFileType = sourcecode.c.objc; path = NSThread__UITestsLaunchTests.m; sourceTree = "<group>"; };
/* End PBXFileReference section */

/* Begin PBXFrameworksBuildPhase section */
		5842335B29D467E0007E1E32 /* Frameworks */ = {
			isa = PBXFrameworksBuildPhase;
			buildActionMask = 2147483647;
			files = (
			);
			runOnlyForDeploymentPostprocessing = 0;
		};
		5842337629D467E2007E1E32 /* Frameworks */ = {
			isa = PBXFrameworksBuildPhase;
			buildActionMask = 2147483647;
			files = (
			);
			runOnlyForDeploymentPostprocessing = 0;
		};
		5842338029D467E2007E1E32 /* Frameworks */ = {
			isa = PBXFrameworksBuildPhase;
			buildActionMask = 2147483647;
			files = (
			);
			runOnlyForDeploymentPostprocessing = 0;
		};
/* End PBXFrameworksBuildPhase section */

/* Begin PBXGroup section */
		5842335529D467E0007E1E32 = {
			isa = PBXGroup;
			children = (
				5842336029D467E0007E1E32 /* NSThread测试 */,
				5842337C29D467E2007E1E32 /* NSThread测试Tests */,
				5842338629D467E2007E1E32 /* NSThread测试UITests */,
				5842335F29D467E0007E1E32 /* Products */,
			);
			sourceTree = "<group>";
		};
		5842335F29D467E0007E1E32 /* Products */ = {
			isa = PBXGroup;
			children = (
				5842335E29D467E0007E1E32 /* NSThread测试.app */,
				5842337929D467E2007E1E32 /* NSThread测试Tests.xctest */,
				5842338329D467E2007E1E32 /* NSThread测试UITests.xctest */,
			);
			name = Products;
			sourceTree = "<group>";
		};
		5842336029D467E0007E1E32 /* NSThread测试 */ = {
			isa = PBXGroup;
			children = (
				5842336129D467E0007E1E32 /* AppDelegate.h */,
				5842336229D467E0007E1E32 /* AppDelegate.m */,
				5842336429D467E0007E1E32 /* SceneDelegate.h */,
				5842336529D467E0007E1E32 /* SceneDelegate.m */,
				5842336729D467E0007E1E32 /* ViewController.h */,
				5842336829D467E0007E1E32 /* ViewController.m */,
				5842336A29D467E0007E1E32 /* Main.storyboard */,
				5842336D29D467E2007E1E32 /* Assets.xcassets */,
				5842336F29D467E2007E1E32 /* LaunchScreen.storyboard */,
				5842337229D467E2007E1E32 /* Info.plist */,
				5842337329D467E2007E1E32 /* main.m */,
			);
			path = "NSThread测试";
			sourceTree = "<group>";
		};
		5842337C29D467E2007E1E32 /* NSThread测试Tests */ = {
			isa = PBXGroup;
			children = (
				5842337D29D467E2007E1E32 /* NSThread__Tests.m */,
			);
			path = "NSThread测试Tests";
			sourceTree = "<group>";
		};
		5842338629D467E2007E1E32 /* NSThread测试UITests */ = {
			isa = PBXGroup;
			children = (
				5842338729D467E2007E1E32 /* NSThread__UITests.m */,
				5842338929D467E2007E1E32 /* NSThread__UITestsLaunchTests.m */,
			);
			path = "NSThread测试UITests";
			sourceTree = "<group>";
		};
/* End PBXGroup section */

/* Begin PBXNativeTarget section */
		5842335D29D467E0007E1E32 /* NSThread测试 */ = {
			isa = PBXNativeTarget;
			buildConfigurationList = 5842338D29D467E2007E1E32 /* Build configuration list for PBXNativeTarget "NSThread测试" */;
			buildPhases = (
				5842335A29D467E0007E1E32 /* Sources */,
				5842335B29D467E0007E1E32 /* Frameworks */,
				5842335C29D467E0007E1E32 /* Resources */,
			);
			buildRules = (
			);
			dependencies = (
			);
			name = "NSThread测试";
			productName = "NSThread测试";
			productReference = 5842335E29D467E0007E1E32 /* NSThread测试.app */;
			productType = "com.apple.product-type.application";
		};
		5842337829D467E2007E1E32 /* NSThread测试Tests */ = {
			isa = PBXNativeTarget;
			buildConfigurationList = 5842339029D467E2007E1E32 /* Build configuration list for PBXNativeTarget "NSThread测试Tests" */;
			buildPhases = (
				5842337529D467E2007E1E32 /* Sources */,
				5842337629D467E2007E1E32 /* Frameworks */,
				5842337729D467E2007E1E32 /* Resources */,
			);
			buildRules = (
			);
			dependencies = (
				5842337B29D467E2007E1E32 /* PBXTargetDependency */,
			);
			name = "NSThread测试Tests";
			productName = "NSThread测试Tests";
			productReference = 5842337929D467E2007E1E32 /* NSThread测试Tests.xctest */;
			productType = "com.apple.product-type.bundle.unit-test";
		};
		5842338229D467E2007E1E32 /* NSThread测试UITests */ = {
			isa = PBXNativeTarget;
			buildConfigurationList = 5842339329D467E2007E1E32 /* Build configuration list for PBXNativeTarget "NSThread测试UITests" */;
			buildPhases = (
				5842337F29D467E2007E1E32 /* Sources */,
				5842338029D467E2007E1E32 /* Frameworks */,
				5842338129D467E2007E1E32 /* Resources */,
			);
			buildRules = (
			);
			dependencies = (
				5842338529D467E2007E1E32 /* PBXTargetDependency */,
			);
			name = "NSThread测试UITests";
			productName = "NSThread测试UITests";
			productReference = 5842338329D467E2007E1E32 /* NSThread测试UITests.xctest */;
			productType = "com.apple.product-type.bundle.ui-testing";
		};
/* End PBXNativeTarget section */

/* Begin PBXProject section */
		5842335629D467E0007E1E32 /* Project object */ = {
			isa = PBXProject;
			attributes = {
				BuildIndependentTargetsInParallel = 1;
				LastUpgradeCheck = 1410;
				TargetAttributes = {
					5842335D29D467E0007E1E32 = {
						CreatedOnToolsVersion = 14.1;
					};
					5842337829D467E2007E1E32 = {
						CreatedOnToolsVersion = 14.1;
						TestTargetID = 5842335D29D467E0007E1E32;
					};
					5842338229D467E2007E1E32 = {
						CreatedOnToolsVersion = 14.1;
						TestTargetID = 5842335D29D467E0007E1E32;
					};
				};
			};
			buildConfigurationList = 5842335929D467E0007E1E32 /* Build configuration list for PBXProject "NSThread测试" */;
			compatibilityVersion = "Xcode 14.0";
			developmentRegion = en;
			hasScannedForEncodings = 0;
			knownRegions = (
				en,
				Base,
			);
			mainGroup = 5842335529D467E0007E1E32;
			productRefGroup = 5842335F29D467E0007E1E32 /* Products */;
			projectDirPath = "";
			projectRoot = "";
			targets = (
				5842335D29D467E0007E1E32 /* NSThread测试 */,
				5842337829D467E2007E1E32 /* NSThread测试Tests */,
				5842338229D467E2007E1E32 /* NSThread测试UITests */,
			);
		};
/* End PBXProject section */

/* Begin PBXResourcesBuildPhase section */
		5842335C29D467E0007E1E32 /* Resources */ = {
			isa = PBXResourcesBuildPhase;
			buildActionMask = 2147483647;
			files = (
				5842337129D467E2007E1E32 /* LaunchScreen.storyboard in Resources */,
				5842336E29D467E2007E1E32 /* Assets.xcassets in Resources */,
				5842336C29D467E0007E1E32 /* Main.storyboard in Resources */,
			);
			runOnlyForDeploymentPostprocessing = 0;
		};
		5842337729D467E2007E1E32 /* Resources */ = {
			isa = PBXResourcesBuildPhase;
			buildActionMask = 2147483647;
			files = (
			);
			runOnlyForDeploymentPostprocessing = 0;
		};
		5842338129D467E2007E1E32 /* Resources */ = {
			isa = PBXResourcesBuildPhase;
			buildActionMask = 2147483647;
			files = (
			);
			runOnlyForDeploymentPostprocessing = 0;
		};
/* End PBXResourcesBuildPhase section */

/* Begin PBXSourcesBuildPhase section */
		5842335A29D467E0007E1E32 /* Sources */ = {
			isa = PBXSourcesBuildPhase;
			buildActionMask = 2147483647;
			files = (
				5842336929D467E0007E1E32 /* ViewController.m in Sources */,
				5842336329D467E0007E1E32 /* AppDelegate.m in Sources */,
				5842337429D467E2007E1E32 /* main.m in Sources */,
				5842336629D467E0007E1E32 /* SceneDelegate.m in Sources */,
			);
			runOnlyForDeploymentPostprocessing = 0;
		};
		5842337529D467E2007E1E32 /* Sources */ = {
			isa = PBXSourcesBuildPhase;
			buildActionMask = 2147483647;
			files = (
				5842337E29D467E2007E1E32 /* NSThread__Tests.m in Sources */,
			);
			runOnlyForDeploymentPostprocessing = 0;
		};
		5842337F29D467E2007E1E32 /* Sources */ = {
			isa = PBXSourcesBuildPhase;
			buildActionMask = 2147483647;
			files = (
				5842338829D467E2007E1E32 /* NSThread__UITests.m in Sources */,
				5842338A29D467E2007E1E32 /* NSThread__UITestsLaunchTests.m in Sources */,
			);
			runOnlyForDeploymentPostprocessing = 0;
		};
/* End PBXSourcesBuildPhase section */

/* Begin PBXTargetDependency section */
		5842337B29D467E2007E1E32 /* PBXTargetDependency */ = {
			isa = PBXTargetDependency;
			target = 5842335D29D467E0007E1E32 /* NSThread测试 */;
			targetProxy = 5842337A29D467E2007E1E32 /* PBXContainerItemProxy */;
		};
		5842338529D467E2007E1E32 /* PBXTargetDependency */ = {
			isa = PBXTargetDependency;
			target = 5842335D29D467E0007E1E32 /* NSThread测试 */;
			targetProxy = 5842338429D467E2007E1E32 /* PBXContainerItemProxy */;
		};
/* End PBXTargetDependency section */

/* Begin PBXVariantGroup section */
		5842336A29D467E0007E1E32 /* Main.storyboard */ = {
			isa = PBXVariantGroup;
			children = (
				5842336B29D467E0007E1E32 /* Base */,
			);
			name = Main.storyboard;
			sourceTree = "<group>";
		};
		5842336F29D467E2007E1E32 /* LaunchScreen.storyboard */ = {
			isa = PBXVariantGroup;
			children = (
				5842337029D467E2007E1E32 /* Base */,
			);
			name = LaunchScreen.storyboard;
			sourceTree = "<group>";
		};
/* End PBXVariantGroup section */

/* Begin XCBuildConfiguration section */
		5842338B29D467E2007E1E32 /* Debug */ = {
			isa = XCBuildConfiguration;
			buildSettings = {
				ALWAYS_SEARCH_USER_PATHS = NO;
				CLANG_ANALYZER_NONNULL = YES;
				CLANG_ANALYZER_NUMBER_OBJECT_CONVERSION = YES_AGGRESSIVE;
				CLANG_CXX_LANGUAGE_STANDARD = "gnu++20";
				CLANG_ENABLE_MODULES = YES;
				CLANG_ENABLE_OBJC_ARC = YES;
				CLANG_ENABLE_OBJC_WEAK = YES;
				CLANG_WARN_BLOCK_CAPTURE_AUTORELEASING = YES;
				CLANG_WARN_BOOL_CONVERSION = YES;
				CLANG_WARN_COMMA = YES;
				CLANG_WARN_CONSTANT_CONVERSION = YES;
				CLANG_WARN_DEPRECATED_OBJC_IMPLEMENTATIONS = YES;
				CLANG_WARN_DIRECT_OBJC_ISA_USAGE = YES_ERROR;
				CLANG_WARN_DOCUMENTATION_COMMENTS = YES;
				CLANG_WARN_EMPTY_BODY = YES;
				CLANG_WARN_ENUM_CONVERSION = YES;
				CLANG_WARN_INFINITE_RECURSION = YES;
				CLANG_WARN_INT_CONVERSION = YES;
				CLANG_WARN_NON_LITERAL_NULL_CONVERSION = YES;
				CLANG_WARN_OBJC_IMPLICIT_RETAIN_SELF = YES;
				CLANG_WARN_OBJC_LITERAL_CONVERSION = YES;
				CLANG_WARN_OBJC_ROOT_CLASS = YES_ERROR;
				CLANG_WARN_QUOTED_INCLUDE_IN_FRAMEWORK_HEADER = YES;
				CLANG_WARN_RANGE_LOOP_ANALYSIS = YES;
				CLANG_WARN_STRICT_PROTOTYPES = YES;
				CLANG_WARN_SUSPICIOUS_MOVE = YES;
				CLANG_WARN_UNGUARDED_AVAILABILITY = YES_AGGRESSIVE;
				CLANG_WARN_UNREACHABLE_CODE = YES;
				CLANG_WARN__DUPLICATE_METHOD_MATCH = YES;
				COPY_PHASE_STRIP = NO;
				DEBUG_INFORMATION_FORMAT = dwarf;
				ENABLE_STRICT_OBJC_MSGSEND = YES;
				ENABLE_TESTABILITY = YES;
				GCC_C_LANGUAGE_STANDARD = gnu11;
				GCC_DYNAMIC_NO_PIC = NO;
				GCC_NO_COMMON_BLOCKS = YES;
				GCC_OPTIMIZATION_LEVEL = 0;
				GCC_PREPROCESSOR_DEFINITIONS = (
					"DEBUG=1",
					"$(inherited)",
				);
				GCC_WARN_64_TO_32_BIT_CONVERSION = YES;
				GCC_WARN_ABOUT_RETURN_TYPE = YES_ERROR;
				GCC_WARN_UNDECLARED_SELECTOR = YES;
				GCC_WARN_UNINITIALIZED_AUTOS = YES_AGGRESSIVE;
				GCC_WARN_UNUSED_FUNCTION = YES;
				GCC_WARN_UNUSED_VARIABLE = YES;
				IPHONEOS_DEPLOYMENT_TARGET = 16.1;
				MTL_ENABLE_DEBUG_INFO = INCLUDE_SOURCE;
				MTL_FAST_MATH = YES;
				ONLY_ACTIVE_ARCH = YES;
				SDKROOT = iphoneos;
			};
			name = Debug;
		};
		5842338C29D467E2007E1E32 /* Release */ = {
			isa = XCBuildConfiguration;
			buildSettings = {
				ALWAYS_SEARCH_USER_PATHS = NO;
				CLANG_ANALYZER_NONNULL = YES;
				CLANG_ANALYZER_NUMBER_OBJECT_CONVERSION = YES_AGGRESSIVE;
				CLANG_CXX_LANGUAGE_STANDARD = "gnu++20";
				CLANG_ENABLE_MODULES = YES;
				CLANG_ENABLE_OBJC_ARC = YES;
				CLANG_ENABLE_OBJC_WEAK = YES;
				CLANG_WARN_BLOCK_CAPTURE_AUTORELEASING = YES;
				CLANG_WARN_BOOL_CONVERSION = YES;
				CLANG_WARN_COMMA = YES;
				CLANG_WARN_CONSTANT_CONVERSION = YES;
				CLANG_WARN_DEPRECATED_OBJC_IMPLEMENTATIONS = YES;
				CLANG_WARN_DIRECT_OBJC_ISA_USAGE = YES_ERROR;
				CLANG_WARN_DOCUMENTATION_COMMENTS = YES;
				CLANG_WARN_EMPTY_BODY = YES;
				CLANG_WARN_ENUM_CONVERSION = YES;
				CLANG_WARN_INFINITE_RECURSION = YES;
				CLANG_WARN_INT_CONVERSION = YES;
				CLANG_WARN_NON_LITERAL_NULL_CONVERSION = YES;
				CLANG_WARN_OBJC_IMPLICIT_RETAIN_SELF = YES;
				CLANG_WARN_OBJC_LITERAL_CONVERSION = YES;
				CLANG_WARN_OBJC_ROOT_CLASS = YES_ERROR;
				CLANG_WARN_QUOTED_INCLUDE_IN_FRAMEWORK_HEADER = YES;
				CLANG_WARN_RANGE_LOOP_ANALYSIS = YES;
				CLANG_WARN_STRICT_PROTOTYPES = YES;
				CLANG_WARN_SUSPICIOUS_MOVE = YES;
				CLANG_WARN_UNGUARDED_AVAILABILITY = YES_AGGRESSIVE;
				CLANG_WARN_UNREACHABLE_CODE = YES;
				CLANG_WARN__DUPLICATE_METHOD_MATCH = YES;
				COPY_PHASE_STRIP = NO;
				DEBUG_INFORMATION_FORMAT = "dwarf-with-dsym";
				ENABLE_NS_ASSERTIONS = NO;
				ENABLE_STRICT_OBJC_MSGSEND = YES;
				GCC_C_LANGUAGE_STANDARD = gnu11;
				GCC_NO_COMMON_BLOCKS = YES;
				GCC_WARN_64_TO_32_BIT_CONVERSION = YES;
				GCC_WARN_ABOUT_RETURN_TYPE = YES_ERROR;
				GCC_WARN_UNDECLARED_SELECTOR = YES;
				GCC_WARN_UNINITIALIZED_AUTOS = YES_AGGRESSIVE;
				GCC_WARN_UNUSED_FUNCTION = YES;
				GCC_WARN_UNUSED_VARIABLE = YES;
				IPHONEOS_DEPLOYMENT_TARGET = 16.1;
				MTL_ENABLE_DEBUG_INFO = NO;
				MTL_FAST_MATH = YES;
				SDKROOT = iphoneos;
				VALIDATE_PRODUCT = YES;
			};
			name = Release;
		};
		5842338E29D467E2007E1E32 /* Debug */ = {
			isa = XCBuildConfiguration;
			buildSettings = {
				ASSETCATALOG_COMPILER_APPICON_NAME = AppIcon;
				ASSETCATALOG_COMPILER_GLOBAL_ACCENT_COLOR_NAME = AccentColor;
				CODE_SIGN_STYLE = Automatic;
				CURRENT_PROJECT_VERSION = 1;
				DEVELOPMENT_TEAM = 2K97J7XJC7;
				GENERATE_INFOPLIST_FILE = YES;
				INFOPLIST_FILE = "NSThread测试/Info.plist";
				INFOPLIST_KEY_UIApplicationSupportsIndirectInputEvents = YES;
				INFOPLIST_KEY_UILaunchStoryboardName = LaunchScreen;
				INFOPLIST_KEY_UIMainStoryboardFile = Main;
				INFOPLIST_KEY_UISupportedInterfaceOrientations_iPad = "UIInterfaceOrientationPortrait UIInterfaceOrientationPortraitUpsideDown UIInterfaceOrientationLandscapeLeft UIInterfaceOrientationLandscapeRight";
				INFOPLIST_KEY_UISupportedInterfaceOrientations_iPhone = "UIInterfaceOrientationPortrait UIInterfaceOrientationLandscapeLeft UIInterfaceOrientationLandscapeRight";
				LD_RUNPATH_SEARCH_PATHS = (
					"$(inherited)",
					"@executable_path/Frameworks",
				);
				MARKETING_VERSION = 1.0;
				PRODUCT_BUNDLE_IDENTIFIER = "-.NSThread--";
				PRODUCT_NAME = "$(TARGET_NAME)";
				SWIFT_EMIT_LOC_STRINGS = YES;
				TARGETED_DEVICE_FAMILY = "1,2";
			};
			name = Debug;
		};
		5842338F29D467E2007E1E32 /* Release */ = {
			isa = XCBuildConfiguration;
			buildSettings = {
				ASSETCATALOG_COMPILER_APPICON_NAME = AppIcon;
				ASSETCATALOG_COMPILER_GLOBAL_ACCENT_COLOR_NAME = AccentColor;
				CODE_SIGN_STYLE = Automatic;
				CURRENT_PROJECT_VERSION = 1;
				DEVELOPMENT_TEAM = 2K97J7XJC7;
				GENERATE_INFOPLIST_FILE = YES;
				INFOPLIST_FILE = "NSThread测试/Info.plist";
				INFOPLIST_KEY_UIApplicationSupportsIndirectInputEvents = YES;
				INFOPLIST_KEY_UILaunchStoryboardName = LaunchScreen;
				INFOPLIST_KEY_UIMainStoryboardFile = Main;
				INFOPLIST_KEY_UISupportedInterfaceOrientations_iPad = "UIInterfaceOrientationPortrait UIInterfaceOrientationPortraitUpsideDown UIInterfaceOrientationLandscapeLeft UIInterfaceOrientationLandscapeRight";
				INFOPLIST_KEY_UISupportedInterfaceOrientations_iPhone = "UIInterfaceOrientationPortrait UIInterfaceOrientationLandscapeLeft UIInterfaceOrientationLandscapeRight";
				LD_RUNPATH_SEARCH_PATHS = (
					"$(inherited)",
					"@executable_path/Frameworks",
				);
				MARKETING_VERSION = 1.0;
				PRODUCT_BUNDLE_IDENTIFIER = "-.NSThread--";
				PRODUCT_NAME = "$(TARGET_NAME)";
				SWIFT_EMIT_LOC_STRINGS = YES;
				TARGETED_DEVICE_FAMILY = "1,2";
			};
			name = Release;
		};
		5842339129D467E2007E1E32 /* Debug */ = {
			isa = XCBuildConfiguration;
			buildSettings = {
				BUNDLE_LOADER = "$(TEST_HOST)";
				CODE_SIGN_STYLE = Automatic;
				CURRENT_PROJECT_VERSION = 1;
				DEVELOPMENT_TEAM = 2K97J7XJC7;
				GENERATE_INFOPLIST_FILE = YES;
				IPHONEOS_DEPLOYMENT_TARGET = 16.1;
				MARKETING_VERSION = 1.0;
				PRODUCT_BUNDLE_IDENTIFIER = "-.NSThread--Tests";
				PRODUCT_NAME = "$(TARGET_NAME)";
				SWIFT_EMIT_LOC_STRINGS = NO;
				TARGETED_DEVICE_FAMILY = "1,2";
				TEST_HOST = "$(BUILT_PRODUCTS_DIR)/NSThread测试.app/$(BUNDLE_EXECUTABLE_FOLDER_PATH)/NSThread测试";
			};
			name = Debug;
		};
		5842339229D467E2007E1E32 /* Release */ = {
			isa = XCBuildConfiguration;
			buildSettings = {
				BUNDLE_LOADER = "$(TEST_HOST)";
				CODE_SIGN_STYLE = Automatic;
				CURRENT_PROJECT_VERSION = 1;
				DEVELOPMENT_TEAM = 2K97J7XJC7;
				GENERATE_INFOPLIST_FILE = YES;
				IPHONEOS_DEPLOYMENT_TARGET = 16.1;
				MARKETING_VERSION = 1.0;
				PRODUCT_BUNDLE_IDENTIFIER = "-.NSThread--Tests";
				PRODUCT_NAME = "$(TARGET_NAME)";
				SWIFT_EMIT_LOC_STRINGS = NO;
				TARGETED_DEVICE_FAMILY = "1,2";
				TEST_HOST = "$(BUILT_PRODUCTS_DIR)/NSThread测试.app/$(BUNDLE_EXECUTABLE_FOLDER_PATH)/NSThread测试";
			};
			name = Release;
		};
		5842339429D467E2007E1E32 /* Debug */ = {
			isa = XCBuildConfiguration;
			buildSettings = {
				CODE_SIGN_STYLE = Automatic;
				CURRENT_PROJECT_VERSION = 1;
				DEVELOPMENT_TEAM = 2K97J7XJC7;
				GENERATE_INFOPLIST_FILE = YES;
				MARKETING_VERSION = 1.0;
				PRODUCT_BUNDLE_IDENTIFIER = "-.NSThread--UITests";
				PRODUCT_NAME = "$(TARGET_NAME)";
				SWIFT_EMIT_LOC_STRINGS = NO;
				TARGETED_DEVICE_FAMILY = "1,2";
				TEST_TARGET_NAME = "NSThread测试";
			};
			name = Debug;
		};
		5842339529D467E2007E1E32 /* Release */ = {
			isa = XCBuildConfiguration;
			buildSettings = {
				CODE_SIGN_STYLE = Automatic;
				CURRENT_PROJECT_VERSION = 1;
				DEVELOPMENT_TEAM = 2K97J7XJC7;
				GENERATE_INFOPLIST_FILE = YES;
				MARKETING_VERSION = 1.0;
				PRODUCT_BUNDLE_IDENTIFIER = "-.NSThread--UITests";
				PRODUCT_NAME = "$(TARGET_NAME)";
				SWIFT_EMIT_LOC_STRINGS = NO;
				TARGETED_DEVICE_FAMILY = "1,2";
				TEST_TARGET_NAME = "NSThread测试";
			};
			name = Release;
		};
/* End XCBuildConfiguration section */

/* Begin XCConfigurationList section */
		5842335929D467E0007E1E32 /* Build configuration list for PBXProject "NSThread测试" */ = {
			isa = XCConfigurationList;
			buildConfigurations = (
				5842338B29D467E2007E1E32 /* Debug */,
				5842338C29D467E2007E1E32 /* Release */,
			);
			defaultConfigurationIsVisible = 0;
			defaultConfigurationName = Release;
		};
		5842338D29D467E2007E1E32 /* Build configuration list for PBXNativeTarget "NSThread测试" */ = {
			isa = XCConfigurationList;
			buildConfigurations = (
				5842338E29D467E2007E1E32 /* Debug */,
				5842338F29D467E2007E1E32 /* Release */,
			);
			defaultConfigurationIsVisible = 0;
			defaultConfigurationName = Release;
		};
		5842339029D467E2007E1E32 /* Build configuration list for PBXNativeTarget "NSThread测试Tests" */ = {
			isa = XCConfigurationList;
			buildConfigurations = (
				5842339129D467E2007E1E32 /* Debug */,
				5842339229D467E2007E1E32 /* Release */,
			);
			defaultConfigurationIsVisible = 0;
			defaultConfigurationName = Release;
		};
		5842339329D467E2007E1E32 /* Build configuration list for PBXNativeTarget "NSThread测试UITests" */ = {
			isa = XCConfigurationList;
			buildConfigurations = (
				5842339429D467E2007E1E32 /* Debug */,
				5842339529D467E2007E1E32 /* Release */,
			);
			defaultConfigurationIsVisible = 0;
			defaultConfigurationName = Release;
		};
/* End XCConfigurationList section */
	};
	rootObject = 5842335629D467E0007E1E32 /* Project object */;
}
